// !$*UTF8*$!
{
	archiveVersion = 1;
	classes = {
	};
	objectVersion = 56;
	objects = {

/* Begin PBXBuildFile section */
		9062E2202B0B8D7400ED0F3A /* AppDelegate.swift in Sources */ = {isa = PBXBuildFile; fileRef = 9062E21F2B0B8D7400ED0F3A /* AppDelegate.swift */; };
		9062E2242B0B8D7400ED0F3A /* DashBoardViewController.swift in Sources */ = {isa = PBXBuildFile; fileRef = 9062E2232B0B8D7400ED0F3A /* DashBoardViewController.swift */; };
		9062E2292B0B8D7600ED0F3A /* Assets.xcassets in Resources */ = {isa = PBXBuildFile; fileRef = 9062E2282B0B8D7600ED0F3A /* Assets.xcassets */; };
		9062E22C2B0B8D7600ED0F3A /* LaunchScreen.storyboard in Resources */ = {isa = PBXBuildFile; fileRef = 9062E22A2B0B8D7600ED0F3A /* LaunchScreen.storyboard */; };
		9062E2342B0B8EB300ED0F3A /* DashBoardViewModel.swift in Sources */ = {isa = PBXBuildFile; fileRef = 9062E2332B0B8EB300ED0F3A /* DashBoardViewModel.swift */; };
		9062E2372B0B8F5000ED0F3A /* SnapKit in Frameworks */ = {isa = PBXBuildFile; productRef = 9062E2362B0B8F5000ED0F3A /* SnapKit */; };
		9062E2392B0B8F5000ED0F3A /* SnapKit-Dynamic in Frameworks */ = {isa = PBXBuildFile; productRef = 9062E2382B0B8F5000ED0F3A /* SnapKit-Dynamic */; };
		90E9AB242B13ACE9008CF245 /* HistoryViewController.swift in Sources */ = {isa = PBXBuildFile; fileRef = 90E9AB232B13ACE9008CF245 /* HistoryViewController.swift */; };
		90E9AB262B13ACFE008CF245 /* SettingsViewController.swift in Sources */ = {isa = PBXBuildFile; fileRef = 90E9AB252B13ACFE008CF245 /* SettingsViewController.swift */; };
		90E9AB2A2B13AD56008CF245 /* MainTabBar.swift in Sources */ = {isa = PBXBuildFile; fileRef = 90E9AB292B13AD56008CF245 /* MainTabBar.swift */; };
		96021E852B1DAB7C003F045B /* DetailsViewController.swift in Sources */ = {isa = PBXBuildFile; fileRef = 96021E842B1DAB7C003F045B /* DetailsViewController.swift */; };
		96021E882B1DB046003F045B /* Models.swift in Sources */ = {isa = PBXBuildFile; fileRef = 96021E872B1DB046003F045B /* Models.swift */; };
		960B25962B1863C0000B4DF8 /* InfoCell.swift in Sources */ = {isa = PBXBuildFile; fileRef = 960B25952B1863C0000B4DF8 /* InfoCell.swift */; };
		960B25982B186642000B4DF8 /* UITableViewCell+Extensions.swift in Sources */ = {isa = PBXBuildFile; fileRef = 960B25972B186642000B4DF8 /* UITableViewCell+Extensions.swift */; };
		960B259B2B186B0B000B4DF8 /* HistoryCell.swift in Sources */ = {isa = PBXBuildFile; fileRef = 960B259A2B186B0B000B4DF8 /* HistoryCell.swift */; };
/* End PBXBuildFile section */

/* Begin PBXFileReference section */
		9062E21C2B0B8D7400ED0F3A /* mvvm-demo1.app */ = {isa = PBXFileReference; explicitFileType = wrapper.application; includeInIndex = 0; path = "mvvm-demo1.app"; sourceTree = BUILT_PRODUCTS_DIR; };
		9062E21F2B0B8D7400ED0F3A /* AppDelegate.swift */ = {isa = PBXFileReference; lastKnownFileType = sourcecode.swift; path = AppDelegate.swift; sourceTree = "<group>"; };
		9062E2232B0B8D7400ED0F3A /* DashBoardViewController.swift */ = {isa = PBXFileReference; lastKnownFileType = sourcecode.swift; path = DashBoardViewController.swift; sourceTree = "<group>"; };
		9062E2282B0B8D7600ED0F3A /* Assets.xcassets */ = {isa = PBXFileReference; lastKnownFileType = folder.assetcatalog; path = Assets.xcassets; sourceTree = "<group>"; };
		9062E22B2B0B8D7600ED0F3A /* Base */ = {isa = PBXFileReference; lastKnownFileType = file.storyboard; name = Base; path = Base.lproj/LaunchScreen.storyboard; sourceTree = "<group>"; };
		9062E22D2B0B8D7600ED0F3A /* Info.plist */ = {isa = PBXFileReference; lastKnownFileType = text.plist.xml; path = Info.plist; sourceTree = "<group>"; };
		9062E2332B0B8EB300ED0F3A /* DashBoardViewModel.swift */ = {isa = PBXFileReference; lastKnownFileType = sourcecode.swift; path = DashBoardViewModel.swift; sourceTree = "<group>"; };
		90E9AB232B13ACE9008CF245 /* HistoryViewController.swift */ = {isa = PBXFileReference; lastKnownFileType = sourcecode.swift; path = HistoryViewController.swift; sourceTree = "<group>"; };
		90E9AB252B13ACFE008CF245 /* SettingsViewController.swift */ = {isa = PBXFileReference; lastKnownFileType = sourcecode.swift; path = SettingsViewController.swift; sourceTree = "<group>"; };
		90E9AB292B13AD56008CF245 /* MainTabBar.swift */ = {isa = PBXFileReference; lastKnownFileType = sourcecode.swift; path = MainTabBar.swift; sourceTree = "<group>"; };
		96021E842B1DAB7C003F045B /* DetailsViewController.swift */ = {isa = PBXFileReference; lastKnownFileType = sourcecode.swift; path = DetailsViewController.swift; sourceTree = "<group>"; };
		96021E872B1DB046003F045B /* Models.swift */ = {isa = PBXFileReference; lastKnownFileType = sourcecode.swift; path = Models.swift; sourceTree = "<group>"; };
		960B25952B1863C0000B4DF8 /* InfoCell.swift */ = {isa = PBXFileReference; lastKnownFileType = sourcecode.swift; path = InfoCell.swift; sourceTree = "<group>"; };
		960B25972B186642000B4DF8 /* UITableViewCell+Extensions.swift */ = {isa = PBXFileReference; lastKnownFileType = sourcecode.swift; path = "UITableViewCell+Extensions.swift"; sourceTree = "<group>"; };
		960B259A2B186B0B000B4DF8 /* HistoryCell.swift */ = {isa = PBXFileReference; lastKnownFileType = sourcecode.swift; path = HistoryCell.swift; sourceTree = "<group>"; };
/* End PBXFileReference section */

/* Begin PBXFrameworksBuildPhase section */
		9062E2192B0B8D7400ED0F3A /* Frameworks */ = {
			isa = PBXFrameworksBuildPhase;
			buildActionMask = 2147483647;
			files = (
				9062E2372B0B8F5000ED0F3A /* SnapKit in Frameworks */,
				9062E2392B0B8F5000ED0F3A /* SnapKit-Dynamic in Frameworks */,
			);
			runOnlyForDeploymentPostprocessing = 0;
		};
/* End PBXFrameworksBuildPhase section */

/* Begin PBXGroup section */
		9062E2132B0B8D7400ED0F3A = {
			isa = PBXGroup;
			children = (
				9062E21E2B0B8D7400ED0F3A /* mvvm-demo1 */,
				9062E21D2B0B8D7400ED0F3A /* Products */,
			);
			sourceTree = "<group>";
		};
		9062E21D2B0B8D7400ED0F3A /* Products */ = {
			isa = PBXGroup;
			children = (
				9062E21C2B0B8D7400ED0F3A /* mvvm-demo1.app */,
			);
			name = Products;
			sourceTree = "<group>";
		};
		9062E21E2B0B8D7400ED0F3A /* mvvm-demo1 */ = {
			isa = PBXGroup;
			children = (
				9062E21F2B0B8D7400ED0F3A /* AppDelegate.swift */,
				90E9AB292B13AD56008CF245 /* MainTabBar.swift */,
				96021E892B1DB050003F045B /* Models */,
				90E9AB272B13AD07008CF245 /* History */,
				90E9AB282B13AD13008CF245 /* Settings */,
				90E9AB222B13ACB9008CF245 /* Dashboard */,
				96021E862B1DAB82003F045B /* Details */,
				960B25992B186645000B4DF8 /* Extensions */,
				9062E2282B0B8D7600ED0F3A /* Assets.xcassets */,
				9062E22A2B0B8D7600ED0F3A /* LaunchScreen.storyboard */,
				9062E22D2B0B8D7600ED0F3A /* Info.plist */,
			);
			path = "mvvm-demo1";
			sourceTree = "<group>";
		};
		90E9AB222B13ACB9008CF245 /* Dashboard */ = {
			isa = PBXGroup;
			children = (
				9062E2232B0B8D7400ED0F3A /* DashBoardViewController.swift */,
				9062E2332B0B8EB300ED0F3A /* DashBoardViewModel.swift */,
				960B25952B1863C0000B4DF8 /* InfoCell.swift */,
			);
			path = Dashboard;
			sourceTree = "<group>";
		};
		90E9AB272B13AD07008CF245 /* History */ = {
			isa = PBXGroup;
			children = (
				90E9AB232B13ACE9008CF245 /* HistoryViewController.swift */,
				960B259A2B186B0B000B4DF8 /* HistoryCell.swift */,
			);
			path = History;
			sourceTree = "<group>";
		};
		90E9AB282B13AD13008CF245 /* Settings */ = {
			isa = PBXGroup;
			children = (
				90E9AB252B13ACFE008CF245 /* SettingsViewController.swift */,
			);
			path = Settings;
			sourceTree = "<group>";
		};
		96021E862B1DAB82003F045B /* Details */ = {
			isa = PBXGroup;
			children = (
				96021E842B1DAB7C003F045B /* DetailsViewController.swift */,
			);
			path = Details;
			sourceTree = "<group>";
		};
		96021E892B1DB050003F045B /* Models */ = {
			isa = PBXGroup;
			children = (
				96021E872B1DB046003F045B /* Models.swift */,
			);
			path = Models;
			sourceTree = "<group>";
		};
		960B25992B186645000B4DF8 /* Extensions */ = {
			isa = PBXGroup;
			children = (
				960B25972B186642000B4DF8 /* UITableViewCell+Extensions.swift */,
			);
			path = Extensions;
			sourceTree = "<group>";
		};
/* End PBXGroup section */

/* Begin PBXNativeTarget section */
		9062E21B2B0B8D7400ED0F3A /* mvvm-demo1 */ = {
			isa = PBXNativeTarget;
			buildConfigurationList = 9062E2302B0B8D7600ED0F3A /* Build configuration list for PBXNativeTarget "mvvm-demo1" */;
			buildPhases = (
				9062E2182B0B8D7400ED0F3A /* Sources */,
				9062E2192B0B8D7400ED0F3A /* Frameworks */,
				9062E21A2B0B8D7400ED0F3A /* Resources */,
			);
			buildRules = (
			);
			dependencies = (
			);
			name = "mvvm-demo1";
			packageProductDependencies = (
				9062E2362B0B8F5000ED0F3A /* SnapKit */,
				9062E2382B0B8F5000ED0F3A /* SnapKit-Dynamic */,
			);
			productName = "mvvm-demo1";
			productReference = 9062E21C2B0B8D7400ED0F3A /* mvvm-demo1.app */;
			productType = "com.apple.product-type.application";
		};
/* End PBXNativeTarget section */

/* Begin PBXProject section */
		9062E2142B0B8D7400ED0F3A /* Project object */ = {
			isa = PBXProject;
			attributes = {
				BuildIndependentTargetsInParallel = 1;
				LastSwiftUpdateCheck = 1500;
				LastUpgradeCheck = 1500;
				TargetAttributes = {
					9062E21B2B0B8D7400ED0F3A = {
						CreatedOnToolsVersion = 15.0.1;
					};
				};
			};
			buildConfigurationList = 9062E2172B0B8D7400ED0F3A /* Build configuration list for PBXProject "mvvm-demo1" */;
			compatibilityVersion = "Xcode 14.0";
			developmentRegion = en;
			hasScannedForEncodings = 0;
			knownRegions = (
				en,
				Base,
			);
			mainGroup = 9062E2132B0B8D7400ED0F3A;
			packageReferences = (
				9062E2352B0B8F5000ED0F3A /* XCRemoteSwiftPackageReference "SnapKit" */,
			);
			productRefGroup = 9062E21D2B0B8D7400ED0F3A /* Products */;
			projectDirPath = "";
			projectRoot = "";
			targets = (
				9062E21B2B0B8D7400ED0F3A /* mvvm-demo1 */,
			);
		};
/* End PBXProject section */

/* Begin PBXResourcesBuildPhase section */
		9062E21A2B0B8D7400ED0F3A /* Resources */ = {
			isa = PBXResourcesBuildPhase;
			buildActionMask = 2147483647;
			files = (
				9062E22C2B0B8D7600ED0F3A /* LaunchScreen.storyboard in Resources */,
				9062E2292B0B8D7600ED0F3A /* Assets.xcassets in Resources */,
			);
			runOnlyForDeploymentPostprocessing = 0;
		};
/* End PBXResourcesBuildPhase section */

/* Begin PBXSourcesBuildPhase section */
		9062E2182B0B8D7400ED0F3A /* Sources */ = {
			isa = PBXSourcesBuildPhase;
			buildActionMask = 2147483647;
			files = (
				96021E882B1DB046003F045B /* Models.swift in Sources */,
				90E9AB2A2B13AD56008CF245 /* MainTabBar.swift in Sources */,
				9062E2242B0B8D7400ED0F3A /* DashBoardViewController.swift in Sources */,
				9062E2342B0B8EB300ED0F3A /* DashBoardViewModel.swift in Sources */,
				960B259B2B186B0B000B4DF8 /* HistoryCell.swift in Sources */,
				9062E2202B0B8D7400ED0F3A /* AppDelegate.swift in Sources */,
				960B25962B1863C0000B4DF8 /* InfoCell.swift in Sources */,
				90E9AB262B13ACFE008CF245 /* SettingsViewController.swift in Sources */,
				960B25982B186642000B4DF8 /* UITableViewCell+Extensions.swift in Sources */,
				90E9AB242B13ACE9008CF245 /* HistoryViewController.swift in Sources */,
				96021E852B1DAB7C003F045B /* DetailsViewController.swift in Sources */,
			);
			runOnlyForDeploymentPostprocessing = 0;
		};
/* End PBXSourcesBuildPhase section */

/* Begin PBXVariantGroup section */
		9062E22A2B0B8D7600ED0F3A /* LaunchScreen.storyboard */ = {
			isa = PBXVariantGroup;
			children = (
				9062E22B2B0B8D7600ED0F3A /* Base */,
			);
			name = LaunchScreen.storyboard;
			sourceTree = "<group>";
		};
/* End PBXVariantGroup section */

/* Begin XCBuildConfiguration section */
		9062E22E2B0B8D7600ED0F3A /* Debug */ = {
			isa = XCBuildConfiguration;
			buildSettings = {
				ALWAYS_SEARCH_USER_PATHS = NO;
				ASSETCATALOG_COMPILER_GENERATE_SWIFT_ASSET_SYMBOL_EXTENSIONS = YES;
				CLANG_ANALYZER_NONNULL = YES;
				CLANG_ANALYZER_NUMBER_OBJECT_CONVERSION = YES_AGGRESSIVE;
				CLANG_CXX_LANGUAGE_STANDARD = "gnu++20";
				CLANG_ENABLE_MODULES = YES;
				CLANG_ENABLE_OBJC_ARC = YES;
				CLANG_ENABLE_OBJC_WEAK = YES;
				CLANG_WARN_BLOCK_CAPTURE_AUTORELEASING = YES;
				CLANG_WARN_BOOL_CONVERSION = YES;
				CLANG_WARN_COMMA = YES;
				CLANG_WARN_CONSTANT_CONVERSION = YES;
				CLANG_WARN_DEPRECATED_OBJC_IMPLEMENTATIONS = YES;
				CLANG_WARN_DIRECT_OBJC_ISA_USAGE = YES_ERROR;
				CLANG_WARN_DOCUMENTATION_COMMENTS = YES;
				CLANG_WARN_EMPTY_BODY = YES;
				CLANG_WARN_ENUM_CONVERSION = YES;
				CLANG_WARN_INFINITE_RECURSION = YES;
				CLANG_WARN_INT_CONVERSION = YES;
				CLANG_WARN_NON_LITERAL_NULL_CONVERSION = YES;
				CLANG_WARN_OBJC_IMPLICIT_RETAIN_SELF = YES;
				CLANG_WARN_OBJC_LITERAL_CONVERSION = YES;
				CLANG_WARN_OBJC_ROOT_CLASS = YES_ERROR;
				CLANG_WARN_QUOTED_INCLUDE_IN_FRAMEWORK_HEADER = YES;
				CLANG_WARN_RANGE_LOOP_ANALYSIS = YES;
				CLANG_WARN_STRICT_PROTOTYPES = YES;
				CLANG_WARN_SUSPICIOUS_MOVE = YES;
				CLANG_WARN_UNGUARDED_AVAILABILITY = YES_AGGRESSIVE;
				CLANG_WARN_UNREACHABLE_CODE = YES;
				CLANG_WARN__DUPLICATE_METHOD_MATCH = YES;
				COPY_PHASE_STRIP = NO;
				DEBUG_INFORMATION_FORMAT = dwarf;
				ENABLE_STRICT_OBJC_MSGSEND = YES;
				ENABLE_TESTABILITY = YES;
				ENABLE_USER_SCRIPT_SANDBOXING = YES;
				GCC_C_LANGUAGE_STANDARD = gnu17;
				GCC_DYNAMIC_NO_PIC = NO;
				GCC_NO_COMMON_BLOCKS = YES;
				GCC_OPTIMIZATION_LEVEL = 0;
				GCC_PREPROCESSOR_DEFINITIONS = (
					"DEBUG=1",
					"$(inherited)",
				);
				GCC_WARN_64_TO_32_BIT_CONVERSION = YES;
				GCC_WARN_ABOUT_RETURN_TYPE = YES_ERROR;
				GCC_WARN_UNDECLARED_SELECTOR = YES;
				GCC_WARN_UNINITIALIZED_AUTOS = YES_AGGRESSIVE;
				GCC_WARN_UNUSED_FUNCTION = YES;
				GCC_WARN_UNUSED_VARIABLE = YES;
				IPHONEOS_DEPLOYMENT_TARGET = 17.0;
				LOCALIZATION_PREFERS_STRING_CATALOGS = YES;
				MTL_ENABLE_DEBUG_INFO = INCLUDE_SOURCE;
				MTL_FAST_MATH = YES;
				ONLY_ACTIVE_ARCH = YES;
				SDKROOT = iphoneos;
				SWIFT_ACTIVE_COMPILATION_CONDITIONS = "DEBUG $(inherited)";
				SWIFT_OPTIMIZATION_LEVEL = "-Onone";
			};
			name = Debug;
		};
		9062E22F2B0B8D7600ED0F3A /* Release */ = {
			isa = XCBuildConfiguration;
			buildSettings = {
				ALWAYS_SEARCH_USER_PATHS = NO;
				ASSETCATALOG_COMPILER_GENERATE_SWIFT_ASSET_SYMBOL_EXTENSIONS = YES;
				CLANG_ANALYZER_NONNULL = YES;
				CLANG_ANALYZER_NUMBER_OBJECT_CONVERSION = YES_AGGRESSIVE;
				CLANG_CXX_LANGUAGE_STANDARD = "gnu++20";
				CLANG_ENABLE_MODULES = YES;
				CLANG_ENABLE_OBJC_ARC = YES;
				CLANG_ENABLE_OBJC_WEAK = YES;
				CLANG_WARN_BLOCK_CAPTURE_AUTORELEASING = YES;
				CLANG_WARN_BOOL_CONVERSION = YES;
				CLANG_WARN_COMMA = YES;
				CLANG_WARN_CONSTANT_CONVERSION = YES;
				CLANG_WARN_DEPRECATED_OBJC_IMPLEMENTATIONS = YES;
				CLANG_WARN_DIRECT_OBJC_ISA_USAGE = YES_ERROR;
				CLANG_WARN_DOCUMENTATION_COMMENTS = YES;
				CLANG_WARN_EMPTY_BODY = YES;
				CLANG_WARN_ENUM_CONVERSION = YES;
				CLANG_WARN_INFINITE_RECURSION = YES;
				CLANG_WARN_INT_CONVERSION = YES;
				CLANG_WARN_NON_LITERAL_NULL_CONVERSION = YES;
				CLANG_WARN_OBJC_IMPLICIT_RETAIN_SELF = YES;
				CLANG_WARN_OBJC_LITERAL_CONVERSION = YES;
				CLANG_WARN_OBJC_ROOT_CLASS = YES_ERROR;
				CLANG_WARN_QUOTED_INCLUDE_IN_FRAMEWORK_HEADER = YES;
				CLANG_WARN_RANGE_LOOP_ANALYSIS = YES;
				CLANG_WARN_STRICT_PROTOTYPES = YES;
				CLANG_WARN_SUSPICIOUS_MOVE = YES;
				CLANG_WARN_UNGUARDED_AVAILABILITY = YES_AGGRESSIVE;
				CLANG_WARN_UNREACHABLE_CODE = YES;
				CLANG_WARN__DUPLICATE_METHOD_MATCH = YES;
				COPY_PHASE_STRIP = NO;
				DEBUG_INFORMATION_FORMAT = "dwarf-with-dsym";
				ENABLE_NS_ASSERTIONS = NO;
				ENABLE_STRICT_OBJC_MSGSEND = YES;
				ENABLE_USER_SCRIPT_SANDBOXING = YES;
				GCC_C_LANGUAGE_STANDARD = gnu17;
				GCC_NO_COMMON_BLOCKS = YES;
				GCC_WARN_64_TO_32_BIT_CONVERSION = YES;
				GCC_WARN_ABOUT_RETURN_TYPE = YES_ERROR;
				GCC_WARN_UNDECLARED_SELECTOR = YES;
				GCC_WARN_UNINITIALIZED_AUTOS = YES_AGGRESSIVE;
				GCC_WARN_UNUSED_FUNCTION = YES;
				GCC_WARN_UNUSED_VARIABLE = YES;
				IPHONEOS_DEPLOYMENT_TARGET = 17.0;
				LOCALIZATION_PREFERS_STRING_CATALOGS = YES;
				MTL_ENABLE_DEBUG_INFO = NO;
				MTL_FAST_MATH = YES;
				SDKROOT = iphoneos;
				SWIFT_COMPILATION_MODE = wholemodule;
				VALIDATE_PRODUCT = YES;
			};
			name = Release;
		};
		9062E2312B0B8D7600ED0F3A /* Debug */ = {
			isa = XCBuildConfiguration;
			buildSettings = {
				ASSETCATALOG_COMPILER_APPICON_NAME = AppIcon;
				ASSETCATALOG_COMPILER_GLOBAL_ACCENT_COLOR_NAME = AccentColor;
				CODE_SIGN_STYLE = Automatic;
				CURRENT_PROJECT_VERSION = 1;
				GENERATE_INFOPLIST_FILE = YES;
				INFOPLIST_FILE = "mvvm-demo1/Info.plist";
				INFOPLIST_KEY_UIApplicationSupportsIndirectInputEvents = YES;
				INFOPLIST_KEY_UILaunchStoryboardName = LaunchScreen;
				INFOPLIST_KEY_UISupportedInterfaceOrientations_iPad = "UIInterfaceOrientationPortrait UIInterfaceOrientationPortraitUpsideDown UIInterfaceOrientationLandscapeLeft UIInterfaceOrientationLandscapeRight";
				INFOPLIST_KEY_UISupportedInterfaceOrientations_iPhone = "UIInterfaceOrientationPortrait UIInterfaceOrientationLandscapeLeft UIInterfaceOrientationLandscapeRight";
				LD_RUNPATH_SEARCH_PATHS = (
					"$(inherited)",
					"@executable_path/Frameworks",
				);
				MARKETING_VERSION = 1.0;
				PRODUCT_BUNDLE_IDENTIFIER = "ru.AntonEliseev.mvvm-demo1";
				PRODUCT_NAME = "$(TARGET_NAME)";
				SWIFT_EMIT_LOC_STRINGS = YES;
				SWIFT_VERSION = 5.0;
				TARGETED_DEVICE_FAMILY = "1,2";
			};
			name = Debug;
		};
		9062E2322B0B8D7600ED0F3A /* Release */ = {
			isa = XCBuildConfiguration;
			buildSettings = {
				ASSETCATALOG_COMPILER_APPICON_NAME = AppIcon;
				ASSETCATALOG_COMPILER_GLOBAL_ACCENT_COLOR_NAME = AccentColor;
				CODE_SIGN_STYLE = Automatic;
				CURRENT_PROJECT_VERSION = 1;
				GENERATE_INFOPLIST_FILE = YES;
				INFOPLIST_FILE = "mvvm-demo1/Info.plist";
				INFOPLIST_KEY_UIApplicationSupportsIndirectInputEvents = YES;
				INFOPLIST_KEY_UILaunchStoryboardName = LaunchScreen;
				INFOPLIST_KEY_UISupportedInterfaceOrientations_iPad = "UIInterfaceOrientationPortrait UIInterfaceOrientationPortraitUpsideDown UIInterfaceOrientationLandscapeLeft UIInterfaceOrientationLandscapeRight";
				INFOPLIST_KEY_UISupportedInterfaceOrientations_iPhone = "UIInterfaceOrientationPortrait UIInterfaceOrientationLandscapeLeft UIInterfaceOrientationLandscapeRight";
				LD_RUNPATH_SEARCH_PATHS = (
					"$(inherited)",
					"@executable_path/Frameworks",
				);
				MARKETING_VERSION = 1.0;
				PRODUCT_BUNDLE_IDENTIFIER = "ru.AntonEliseev.mvvm-demo1";
				PRODUCT_NAME = "$(TARGET_NAME)";
				SWIFT_EMIT_LOC_STRINGS = YES;
				SWIFT_VERSION = 5.0;
				TARGETED_DEVICE_FAMILY = "1,2";
			};
			name = Release;
		};
/* End XCBuildConfiguration section */

/* Begin XCConfigurationList section */
		9062E2172B0B8D7400ED0F3A /* Build configuration list for PBXProject "mvvm-demo1" */ = {
			isa = XCConfigurationList;
			buildConfigurations = (
				9062E22E2B0B8D7600ED0F3A /* Debug */,
				9062E22F2B0B8D7600ED0F3A /* Release */,
			);
			defaultConfigurationIsVisible = 0;
			defaultConfigurationName = Release;
		};
		9062E2302B0B8D7600ED0F3A /* Build configuration list for PBXNativeTarget "mvvm-demo1" */ = {
			isa = XCConfigurationList;
			buildConfigurations = (
				9062E2312B0B8D7600ED0F3A /* Debug */,
				9062E2322B0B8D7600ED0F3A /* Release */,
			);
			defaultConfigurationIsVisible = 0;
			defaultConfigurationName = Release;
		};
/* End XCConfigurationList section */

/* Begin XCRemoteSwiftPackageReference section */
		9062E2352B0B8F5000ED0F3A /* XCRemoteSwiftPackageReference "SnapKit" */ = {
			isa = XCRemoteSwiftPackageReference;
			repositoryURL = "https://github.com/SnapKit/SnapKit.git";
			requirement = {
				kind = upToNextMajorVersion;
				minimumVersion = 5.6.0;
			};
		};
/* End XCRemoteSwiftPackageReference section */

/* Begin XCSwiftPackageProductDependency section */
		9062E2362B0B8F5000ED0F3A /* SnapKit */ = {
			isa = XCSwiftPackageProductDependency;
			package = 9062E2352B0B8F5000ED0F3A /* XCRemoteSwiftPackageReference "SnapKit" */;
			productName = SnapKit;
		};
		9062E2382B0B8F5000ED0F3A /* SnapKit-Dynamic */ = {
			isa = XCSwiftPackageProductDependency;
			package = 9062E2352B0B8F5000ED0F3A /* XCRemoteSwiftPackageReference "SnapKit" */;
			productName = "SnapKit-Dynamic";
		};
/* End XCSwiftPackageProductDependency section */
	};
	rootObject = 9062E2142B0B8D7400ED0F3A /* Project object */;
}
