// !$*UTF8*$!
{
	archiveVersion = 1;
	classes = {
	};
	objectVersion = 56;
	objects = {

/* Begin PBXBuildFile section */
		9059C2812B6EB1070050C0CF /* AdoptedScreenViewController.swift in Sources */ = {isa = PBXBuildFile; fileRef = 9059C2802B6EB1070050C0CF /* AdoptedScreenViewController.swift */; };
		907753372B64EE5200CC3D4F /* HourCollectionViewCell.swift in Sources */ = {isa = PBXBuildFile; fileRef = 907753362B64EE5200CC3D4F /* HourCollectionViewCell.swift */; };
		90A512182B63908F00067BBD /* WeatherClient.swift in Sources */ = {isa = PBXBuildFile; fileRef = 90A512172B63908F00067BBD /* WeatherClient.swift */; };
		90A5121A2B63909D00067BBD /* NetService.swift in Sources */ = {isa = PBXBuildFile; fileRef = 90A512192B63909D00067BBD /* NetService.swift */; };
		90AC23782B78BA1800F83D29 /* AdoptedScreenViewModel.swift in Sources */ = {isa = PBXBuildFile; fileRef = 90AC23772B78BA1800F83D29 /* AdoptedScreenViewModel.swift */; };
		90AE74642B66245100C40609 /* HourCollectionViewController.swift in Sources */ = {isa = PBXBuildFile; fileRef = 90AE74632B66245100C40609 /* HourCollectionViewController.swift */; };
		90AE74662B66318600C40609 /* WeatherData.swift in Sources */ = {isa = PBXBuildFile; fileRef = 90AE74652B66318600C40609 /* WeatherData.swift */; };
		90C06C7D2B71DD1400893E03 /* CoordTableViewCell.swift in Sources */ = {isa = PBXBuildFile; fileRef = 90C06C7C2B71DD1400893E03 /* CoordTableViewCell.swift */; };
		90C06C7F2B71E05D00893E03 /* WeatherTableViewCell.swift in Sources */ = {isa = PBXBuildFile; fileRef = 90C06C7E2B71E05D00893E03 /* WeatherTableViewCell.swift */; };
		90C06C812B729CFB00893E03 /* TempTableViewCell.swift in Sources */ = {isa = PBXBuildFile; fileRef = 90C06C802B729CFB00893E03 /* TempTableViewCell.swift */; };
		90C1643F2B62B82000D40CA1 /* WeatherPerHourUICCollectionViewCell.swift in Sources */ = {isa = PBXBuildFile; fileRef = 90C1643E2B62B82000D40CA1 /* WeatherPerHourUICCollectionViewCell.swift */; };
		90C164412B62B88E00D40CA1 /* Extensions+Collections.swift in Sources */ = {isa = PBXBuildFile; fileRef = 90C164402B62B88E00D40CA1 /* Extensions+Collections.swift */; };
		90CCA8EE2B677E6800B3E6CC /* MainViewModel.swift in Sources */ = {isa = PBXBuildFile; fileRef = 90CCA8ED2B677E6800B3E6CC /* MainViewModel.swift */; };
		90D833102B62496E001901ED /* AppDelegate.swift in Sources */ = {isa = PBXBuildFile; fileRef = 90D8330F2B62496E001901ED /* AppDelegate.swift */; };
		90D833142B62496E001901ED /* MainViewController.swift in Sources */ = {isa = PBXBuildFile; fileRef = 90D833132B62496E001901ED /* MainViewController.swift */; };
		90D833172B62496E001901ED /* Main.storyboard in Resources */ = {isa = PBXBuildFile; fileRef = 90D833152B62496E001901ED /* Main.storyboard */; };
		90D833192B624970001901ED /* Assets.xcassets in Resources */ = {isa = PBXBuildFile; fileRef = 90D833182B624970001901ED /* Assets.xcassets */; };
		90D8331C2B624970001901ED /* LaunchScreen.storyboard in Resources */ = {isa = PBXBuildFile; fileRef = 90D8331A2B624970001901ED /* LaunchScreen.storyboard */; };
		90D833242B624D31001901ED /* DayDescriptionTableViewCell.swift in Sources */ = {isa = PBXBuildFile; fileRef = 90D833232B624D31001901ED /* DayDescriptionTableViewCell.swift */; };
		90D833262B624D43001901ED /* WeekDescriptionTableViewCell.swift in Sources */ = {isa = PBXBuildFile; fileRef = 90D833252B624D43001901ED /* WeekDescriptionTableViewCell.swift */; };
		90D833282B624F21001901ED /* Extensions+Cell.swift in Sources */ = {isa = PBXBuildFile; fileRef = 90D833272B624F21001901ED /* Extensions+Cell.swift */; };
/* End PBXBuildFile section */

/* Begin PBXFileReference section */
		9059C2802B6EB1070050C0CF /* AdoptedScreenViewController.swift */ = {isa = PBXFileReference; lastKnownFileType = sourcecode.swift; path = AdoptedScreenViewController.swift; sourceTree = "<group>"; };
		907753362B64EE5200CC3D4F /* HourCollectionViewCell.swift */ = {isa = PBXFileReference; lastKnownFileType = sourcecode.swift; path = HourCollectionViewCell.swift; sourceTree = "<group>"; };
		90A512172B63908F00067BBD /* WeatherClient.swift */ = {isa = PBXFileReference; lastKnownFileType = sourcecode.swift; path = WeatherClient.swift; sourceTree = "<group>"; };
		90A512192B63909D00067BBD /* NetService.swift */ = {isa = PBXFileReference; lastKnownFileType = sourcecode.swift; path = NetService.swift; sourceTree = "<group>"; };
		90AC23772B78BA1800F83D29 /* AdoptedScreenViewModel.swift */ = {isa = PBXFileReference; lastKnownFileType = sourcecode.swift; path = AdoptedScreenViewModel.swift; sourceTree = "<group>"; };
		90AE74632B66245100C40609 /* HourCollectionViewController.swift */ = {isa = PBXFileReference; lastKnownFileType = sourcecode.swift; path = HourCollectionViewController.swift; sourceTree = "<group>"; };
		90AE74652B66318600C40609 /* WeatherData.swift */ = {isa = PBXFileReference; lastKnownFileType = sourcecode.swift; path = WeatherData.swift; sourceTree = "<group>"; };
		90C06C7C2B71DD1400893E03 /* CoordTableViewCell.swift */ = {isa = PBXFileReference; lastKnownFileType = sourcecode.swift; path = CoordTableViewCell.swift; sourceTree = "<group>"; };
		90C06C7E2B71E05D00893E03 /* WeatherTableViewCell.swift */ = {isa = PBXFileReference; lastKnownFileType = sourcecode.swift; path = WeatherTableViewCell.swift; sourceTree = "<group>"; };
		90C06C802B729CFB00893E03 /* TempTableViewCell.swift */ = {isa = PBXFileReference; lastKnownFileType = sourcecode.swift; path = TempTableViewCell.swift; sourceTree = "<group>"; };
		90C1643E2B62B82000D40CA1 /* WeatherPerHourUICCollectionViewCell.swift */ = {isa = PBXFileReference; lastKnownFileType = sourcecode.swift; path = WeatherPerHourUICCollectionViewCell.swift; sourceTree = "<group>"; };
		90C164402B62B88E00D40CA1 /* Extensions+Collections.swift */ = {isa = PBXFileReference; lastKnownFileType = sourcecode.swift; path = "Extensions+Collections.swift"; sourceTree = "<group>"; };
		90CCA8ED2B677E6800B3E6CC /* MainViewModel.swift */ = {isa = PBXFileReference; lastKnownFileType = sourcecode.swift; path = MainViewModel.swift; sourceTree = "<group>"; };
		90D8330C2B62496E001901ED /* WeatherAppClone.app */ = {isa = PBXFileReference; explicitFileType = wrapper.application; includeInIndex = 0; path = WeatherAppClone.app; sourceTree = BUILT_PRODUCTS_DIR; };
		90D8330F2B62496E001901ED /* AppDelegate.swift */ = {isa = PBXFileReference; lastKnownFileType = sourcecode.swift; path = AppDelegate.swift; sourceTree = "<group>"; };
		90D833132B62496E001901ED /* MainViewController.swift */ = {isa = PBXFileReference; lastKnownFileType = sourcecode.swift; path = MainViewController.swift; sourceTree = "<group>"; };
		90D833162B62496E001901ED /* Base */ = {isa = PBXFileReference; lastKnownFileType = file.storyboard; name = Base; path = Base.lproj/Main.storyboard; sourceTree = "<group>"; };
		90D833182B624970001901ED /* Assets.xcassets */ = {isa = PBXFileReference; lastKnownFileType = folder.assetcatalog; path = Assets.xcassets; sourceTree = "<group>"; };
		90D8331B2B624970001901ED /* Base */ = {isa = PBXFileReference; lastKnownFileType = file.storyboard; name = Base; path = Base.lproj/LaunchScreen.storyboard; sourceTree = "<group>"; };
		90D8331D2B624970001901ED /* Info.plist */ = {isa = PBXFileReference; lastKnownFileType = text.plist.xml; path = Info.plist; sourceTree = "<group>"; };
		90D833232B624D31001901ED /* DayDescriptionTableViewCell.swift */ = {isa = PBXFileReference; lastKnownFileType = sourcecode.swift; path = DayDescriptionTableViewCell.swift; sourceTree = "<group>"; };
		90D833252B624D43001901ED /* WeekDescriptionTableViewCell.swift */ = {isa = PBXFileReference; lastKnownFileType = sourcecode.swift; path = WeekDescriptionTableViewCell.swift; sourceTree = "<group>"; };
		90D833272B624F21001901ED /* Extensions+Cell.swift */ = {isa = PBXFileReference; lastKnownFileType = sourcecode.swift; path = "Extensions+Cell.swift"; sourceTree = "<group>"; };
/* End PBXFileReference section */

/* Begin PBXFrameworksBuildPhase section */
		90D833092B62496E001901ED /* Frameworks */ = {
			isa = PBXFrameworksBuildPhase;
			buildActionMask = 2147483647;
			files = (
			);
			runOnlyForDeploymentPostprocessing = 0;
		};
/* End PBXFrameworksBuildPhase section */

/* Begin PBXGroup section */
		9059C27F2B6C01130050C0CF /* MainsScreen */ = {
			isa = PBXGroup;
			children = (
				90C1643D2B62B79C00D40CA1 /* SecondSection */,
				90C1643C2B62B78600D40CA1 /* FirstSection */,
				90D833132B62496E001901ED /* MainViewController.swift */,
				90CCA8ED2B677E6800B3E6CC /* MainViewModel.swift */,
			);
			path = MainsScreen;
			sourceTree = "<group>";
		};
		90C06C7A2B71DCD000893E03 /* AdoptedScreen */ = {
			isa = PBXGroup;
			children = (
				9059C2802B6EB1070050C0CF /* AdoptedScreenViewController.swift */,
				90AC23772B78BA1800F83D29 /* AdoptedScreenViewModel.swift */,
				90C06C7B2B71DCE200893E03 /* Cells */,
			);
			path = AdoptedScreen;
			sourceTree = "<group>";
		};
		90C06C7B2B71DCE200893E03 /* Cells */ = {
			isa = PBXGroup;
			children = (
				90C06C7C2B71DD1400893E03 /* CoordTableViewCell.swift */,
				90C06C7E2B71E05D00893E03 /* WeatherTableViewCell.swift */,
				90C06C802B729CFB00893E03 /* TempTableViewCell.swift */,
			);
			path = Cells;
			sourceTree = "<group>";
		};
		90C1643C2B62B78600D40CA1 /* FirstSection */ = {
			isa = PBXGroup;
			children = (
				90D833232B624D31001901ED /* DayDescriptionTableViewCell.swift */,
				90C1643E2B62B82000D40CA1 /* WeatherPerHourUICCollectionViewCell.swift */,
				907753362B64EE5200CC3D4F /* HourCollectionViewCell.swift */,
				90AE74632B66245100C40609 /* HourCollectionViewController.swift */,
			);
			path = FirstSection;
			sourceTree = "<group>";
		};
		90C1643D2B62B79C00D40CA1 /* SecondSection */ = {
			isa = PBXGroup;
			children = (
				90D833252B624D43001901ED /* WeekDescriptionTableViewCell.swift */,
			);
			path = SecondSection;
			sourceTree = "<group>";
		};
		90D833032B62496E001901ED = {
			isa = PBXGroup;
			children = (
				90D8330E2B62496E001901ED /* WeatherAppClone */,
				90D8330D2B62496E001901ED /* Products */,
			);
			sourceTree = "<group>";
		};
		90D8330D2B62496E001901ED /* Products */ = {
			isa = PBXGroup;
			children = (
				90D8330C2B62496E001901ED /* WeatherAppClone.app */,
			);
			name = Products;
			sourceTree = "<group>";
		};
		90D8330E2B62496E001901ED /* WeatherAppClone */ = {
			isa = PBXGroup;
			children = (
				90D8330F2B62496E001901ED /* AppDelegate.swift */,
				90D833272B624F21001901ED /* Extensions+Cell.swift */,
				90C164402B62B88E00D40CA1 /* Extensions+Collections.swift */,
				9059C27F2B6C01130050C0CF /* MainsScreen */,
				90A512172B63908F00067BBD /* WeatherClient.swift */,
				90A512192B63909D00067BBD /* NetService.swift */,
				90AE74652B66318600C40609 /* WeatherData.swift */,
				90C06C7A2B71DCD000893E03 /* AdoptedScreen */,
				90D833152B62496E001901ED /* Main.storyboard */,
				90D833182B624970001901ED /* Assets.xcassets */,
				90D8331A2B624970001901ED /* LaunchScreen.storyboard */,
				90D8331D2B624970001901ED /* Info.plist */,
			);
			path = WeatherAppClone;
			sourceTree = "<group>";
		};
/* End PBXGroup section */

/* Begin PBXNativeTarget section */
		90D8330B2B62496E001901ED /* WeatherAppClone */ = {
			isa = PBXNativeTarget;
			buildConfigurationList = 90D833202B624970001901ED /* Build configuration list for PBXNativeTarget "WeatherAppClone" */;
			buildPhases = (
				90D833082B62496E001901ED /* Sources */,
				90D833092B62496E001901ED /* Frameworks */,
				90D8330A2B62496E001901ED /* Resources */,
			);
			buildRules = (
			);
			dependencies = (
			);
			name = WeatherAppClone;
			productName = WeatherAppClone;
			productReference = 90D8330C2B62496E001901ED /* WeatherAppClone.app */;
			productType = "com.apple.product-type.application";
		};
/* End PBXNativeTarget section */

/* Begin PBXProject section */
		90D833042B62496E001901ED /* Project object */ = {
			isa = PBXProject;
			attributes = {
				BuildIndependentTargetsInParallel = 1;
				LastSwiftUpdateCheck = 1520;
				LastUpgradeCheck = 1520;
				TargetAttributes = {
					90D8330B2B62496E001901ED = {
						CreatedOnToolsVersion = 15.2;
					};
				};
			};
			buildConfigurationList = 90D833072B62496E001901ED /* Build configuration list for PBXProject "WeatherAppClone" */;
			compatibilityVersion = "Xcode 14.0";
			developmentRegion = en;
			hasScannedForEncodings = 0;
			knownRegions = (
				en,
				Base,
			);
			mainGroup = 90D833032B62496E001901ED;
			productRefGroup = 90D8330D2B62496E001901ED /* Products */;
			projectDirPath = "";
			projectRoot = "";
			targets = (
				90D8330B2B62496E001901ED /* WeatherAppClone */,
			);
		};
/* End PBXProject section */

/* Begin PBXResourcesBuildPhase section */
		90D8330A2B62496E001901ED /* Resources */ = {
			isa = PBXResourcesBuildPhase;
			buildActionMask = 2147483647;
			files = (
				90D8331C2B624970001901ED /* LaunchScreen.storyboard in Resources */,
				90D833192B624970001901ED /* Assets.xcassets in Resources */,
				90D833172B62496E001901ED /* Main.storyboard in Resources */,
			);
			runOnlyForDeploymentPostprocessing = 0;
		};
/* End PBXResourcesBuildPhase section */

/* Begin PBXSourcesBuildPhase section */
		90D833082B62496E001901ED /* Sources */ = {
			isa = PBXSourcesBuildPhase;
			buildActionMask = 2147483647;
			files = (
				90A512182B63908F00067BBD /* WeatherClient.swift in Sources */,
				90C06C7D2B71DD1400893E03 /* CoordTableViewCell.swift in Sources */,
				90D833262B624D43001901ED /* WeekDescriptionTableViewCell.swift in Sources */,
				90D833142B62496E001901ED /* MainViewController.swift in Sources */,
				90D833282B624F21001901ED /* Extensions+Cell.swift in Sources */,
				907753372B64EE5200CC3D4F /* HourCollectionViewCell.swift in Sources */,
				90CCA8EE2B677E6800B3E6CC /* MainViewModel.swift in Sources */,
				9059C2812B6EB1070050C0CF /* AdoptedScreenViewController.swift in Sources */,
				90C06C7F2B71E05D00893E03 /* WeatherTableViewCell.swift in Sources */,
				90D833242B624D31001901ED /* DayDescriptionTableViewCell.swift in Sources */,
				90AE74642B66245100C40609 /* HourCollectionViewController.swift in Sources */,
				90C164412B62B88E00D40CA1 /* Extensions+Collections.swift in Sources */,
				90D833102B62496E001901ED /* AppDelegate.swift in Sources */,
				90C06C812B729CFB00893E03 /* TempTableViewCell.swift in Sources */,
				90AC23782B78BA1800F83D29 /* AdoptedScreenViewModel.swift in Sources */,
				90C1643F2B62B82000D40CA1 /* WeatherPerHourUICCollectionViewCell.swift in Sources */,
				90AE74662B66318600C40609 /* WeatherData.swift in Sources */,
				90A5121A2B63909D00067BBD /* NetService.swift in Sources */,
			);
			runOnlyForDeploymentPostprocessing = 0;
		};
/* End PBXSourcesBuildPhase section */

/* Begin PBXVariantGroup section */
		90D833152B62496E001901ED /* Main.storyboard */ = {
			isa = PBXVariantGroup;
			children = (
				90D833162B62496E001901ED /* Base */,
			);
			name = Main.storyboard;
			sourceTree = "<group>";
		};
		90D8331A2B624970001901ED /* LaunchScreen.storyboard */ = {
			isa = PBXVariantGroup;
			children = (
				90D8331B2B624970001901ED /* Base */,
			);
			name = LaunchScreen.storyboard;
			sourceTree = "<group>";
		};
/* End PBXVariantGroup section */

/* Begin XCBuildConfiguration section */
		90D8331E2B624970001901ED /* Debug */ = {
			isa = XCBuildConfiguration;
			buildSettings = {
				ALWAYS_SEARCH_USER_PATHS = NO;
				ASSETCATALOG_COMPILER_GENERATE_SWIFT_ASSET_SYMBOL_EXTENSIONS = YES;
				CLANG_ANALYZER_NONNULL = YES;
				CLANG_ANALYZER_NUMBER_OBJECT_CONVERSION = YES_AGGRESSIVE;
				CLANG_CXX_LANGUAGE_STANDARD = "gnu++20";
				CLANG_ENABLE_MODULES = YES;
				CLANG_ENABLE_OBJC_ARC = YES;
				CLANG_ENABLE_OBJC_WEAK = YES;
				CLANG_WARN_BLOCK_CAPTURE_AUTORELEASING = YES;
				CLANG_WARN_BOOL_CONVERSION = YES;
				CLANG_WARN_COMMA = YES;
				CLANG_WARN_CONSTANT_CONVERSION = YES;
				CLANG_WARN_DEPRECATED_OBJC_IMPLEMENTATIONS = YES;
				CLANG_WARN_DIRECT_OBJC_ISA_USAGE = YES_ERROR;
				CLANG_WARN_DOCUMENTATION_COMMENTS = YES;
				CLANG_WARN_EMPTY_BODY = YES;
				CLANG_WARN_ENUM_CONVERSION = YES;
				CLANG_WARN_INFINITE_RECURSION = YES;
				CLANG_WARN_INT_CONVERSION = YES;
				CLANG_WARN_NON_LITERAL_NULL_CONVERSION = YES;
				CLANG_WARN_OBJC_IMPLICIT_RETAIN_SELF = YES;
				CLANG_WARN_OBJC_LITERAL_CONVERSION = YES;
				CLANG_WARN_OBJC_ROOT_CLASS = YES_ERROR;
				CLANG_WARN_QUOTED_INCLUDE_IN_FRAMEWORK_HEADER = YES;
				CLANG_WARN_RANGE_LOOP_ANALYSIS = YES;
				CLANG_WARN_STRICT_PROTOTYPES = YES;
				CLANG_WARN_SUSPICIOUS_MOVE = YES;
				CLANG_WARN_UNGUARDED_AVAILABILITY = YES_AGGRESSIVE;
				CLANG_WARN_UNREACHABLE_CODE = YES;
				CLANG_WARN__DUPLICATE_METHOD_MATCH = YES;
				COPY_PHASE_STRIP = NO;
				DEBUG_INFORMATION_FORMAT = dwarf;
				ENABLE_STRICT_OBJC_MSGSEND = YES;
				ENABLE_TESTABILITY = YES;
				ENABLE_USER_SCRIPT_SANDBOXING = YES;
				GCC_C_LANGUAGE_STANDARD = gnu17;
				GCC_DYNAMIC_NO_PIC = NO;
				GCC_NO_COMMON_BLOCKS = YES;
				GCC_OPTIMIZATION_LEVEL = 0;
				GCC_PREPROCESSOR_DEFINITIONS = (
					"DEBUG=1",
					"$(inherited)",
				);
				GCC_WARN_64_TO_32_BIT_CONVERSION = YES;
				GCC_WARN_ABOUT_RETURN_TYPE = YES_ERROR;
				GCC_WARN_UNDECLARED_SELECTOR = YES;
				GCC_WARN_UNINITIALIZED_AUTOS = YES_AGGRESSIVE;
				GCC_WARN_UNUSED_FUNCTION = YES;
				GCC_WARN_UNUSED_VARIABLE = YES;
				IPHONEOS_DEPLOYMENT_TARGET = 17.2;
				LOCALIZATION_PREFERS_STRING_CATALOGS = YES;
				MTL_ENABLE_DEBUG_INFO = INCLUDE_SOURCE;
				MTL_FAST_MATH = YES;
				ONLY_ACTIVE_ARCH = YES;
				SDKROOT = iphoneos;
				SWIFT_ACTIVE_COMPILATION_CONDITIONS = "DEBUG $(inherited)";
				SWIFT_OPTIMIZATION_LEVEL = "-Onone";
			};
			name = Debug;
		};
		90D8331F2B624970001901ED /* Release */ = {
			isa = XCBuildConfiguration;
			buildSettings = {
				ALWAYS_SEARCH_USER_PATHS = NO;
				ASSETCATALOG_COMPILER_GENERATE_SWIFT_ASSET_SYMBOL_EXTENSIONS = YES;
				CLANG_ANALYZER_NONNULL = YES;
				CLANG_ANALYZER_NUMBER_OBJECT_CONVERSION = YES_AGGRESSIVE;
				CLANG_CXX_LANGUAGE_STANDARD = "gnu++20";
				CLANG_ENABLE_MODULES = YES;
				CLANG_ENABLE_OBJC_ARC = YES;
				CLANG_ENABLE_OBJC_WEAK = YES;
				CLANG_WARN_BLOCK_CAPTURE_AUTORELEASING = YES;
				CLANG_WARN_BOOL_CONVERSION = YES;
				CLANG_WARN_COMMA = YES;
				CLANG_WARN_CONSTANT_CONVERSION = YES;
				CLANG_WARN_DEPRECATED_OBJC_IMPLEMENTATIONS = YES;
				CLANG_WARN_DIRECT_OBJC_ISA_USAGE = YES_ERROR;
				CLANG_WARN_DOCUMENTATION_COMMENTS = YES;
				CLANG_WARN_EMPTY_BODY = YES;
				CLANG_WARN_ENUM_CONVERSION = YES;
				CLANG_WARN_INFINITE_RECURSION = YES;
				CLANG_WARN_INT_CONVERSION = YES;
				CLANG_WARN_NON_LITERAL_NULL_CONVERSION = YES;
				CLANG_WARN_OBJC_IMPLICIT_RETAIN_SELF = YES;
				CLANG_WARN_OBJC_LITERAL_CONVERSION = YES;
				CLANG_WARN_OBJC_ROOT_CLASS = YES_ERROR;
				CLANG_WARN_QUOTED_INCLUDE_IN_FRAMEWORK_HEADER = YES;
				CLANG_WARN_RANGE_LOOP_ANALYSIS = YES;
				CLANG_WARN_STRICT_PROTOTYPES = YES;
				CLANG_WARN_SUSPICIOUS_MOVE = YES;
				CLANG_WARN_UNGUARDED_AVAILABILITY = YES_AGGRESSIVE;
				CLANG_WARN_UNREACHABLE_CODE = YES;
				CLANG_WARN__DUPLICATE_METHOD_MATCH = YES;
				COPY_PHASE_STRIP = NO;
				DEBUG_INFORMATION_FORMAT = "dwarf-with-dsym";
				ENABLE_NS_ASSERTIONS = NO;
				ENABLE_STRICT_OBJC_MSGSEND = YES;
				ENABLE_USER_SCRIPT_SANDBOXING = YES;
				GCC_C_LANGUAGE_STANDARD = gnu17;
				GCC_NO_COMMON_BLOCKS = YES;
				GCC_WARN_64_TO_32_BIT_CONVERSION = YES;
				GCC_WARN_ABOUT_RETURN_TYPE = YES_ERROR;
				GCC_WARN_UNDECLARED_SELECTOR = YES;
				GCC_WARN_UNINITIALIZED_AUTOS = YES_AGGRESSIVE;
				GCC_WARN_UNUSED_FUNCTION = YES;
				GCC_WARN_UNUSED_VARIABLE = YES;
				IPHONEOS_DEPLOYMENT_TARGET = 17.2;
				LOCALIZATION_PREFERS_STRING_CATALOGS = YES;
				MTL_ENABLE_DEBUG_INFO = NO;
				MTL_FAST_MATH = YES;
				SDKROOT = iphoneos;
				SWIFT_COMPILATION_MODE = wholemodule;
				VALIDATE_PRODUCT = YES;
			};
			name = Release;
		};
		90D833212B624970001901ED /* Debug */ = {
			isa = XCBuildConfiguration;
			buildSettings = {
				ASSETCATALOG_COMPILER_APPICON_NAME = AppIcon;
				ASSETCATALOG_COMPILER_GLOBAL_ACCENT_COLOR_NAME = AccentColor;
				CODE_SIGN_STYLE = Automatic;
				CURRENT_PROJECT_VERSION = 1;
				DEVELOPMENT_TEAM = 727RA6YLR2;
				GENERATE_INFOPLIST_FILE = YES;
				INFOPLIST_FILE = WeatherAppClone/Info.plist;
				INFOPLIST_KEY_UIApplicationSupportsIndirectInputEvents = YES;
				INFOPLIST_KEY_UILaunchStoryboardName = LaunchScreen;
				INFOPLIST_KEY_UISupportedInterfaceOrientations_iPad = "UIInterfaceOrientationPortrait UIInterfaceOrientationPortraitUpsideDown UIInterfaceOrientationLandscapeLeft UIInterfaceOrientationLandscapeRight";
				INFOPLIST_KEY_UISupportedInterfaceOrientations_iPhone = "UIInterfaceOrientationPortrait UIInterfaceOrientationLandscapeLeft UIInterfaceOrientationLandscapeRight";
				LD_RUNPATH_SEARCH_PATHS = (
					"$(inherited)",
					"@executable_path/Frameworks",
				);
				MARKETING_VERSION = 1.0;
				PRODUCT_BUNDLE_IDENTIFIER = ru.AntonEliseev.WeatherAppClone;
				PRODUCT_NAME = "$(TARGET_NAME)";
				SWIFT_EMIT_LOC_STRINGS = YES;
				SWIFT_VERSION = 5.0;
				TARGETED_DEVICE_FAMILY = "1,2";
			};
			name = Debug;
		};
		90D833222B624970001901ED /* Release */ = {
			isa = XCBuildConfiguration;
			buildSettings = {
				ASSETCATALOG_COMPILER_APPICON_NAME = AppIcon;
				ASSETCATALOG_COMPILER_GLOBAL_ACCENT_COLOR_NAME = AccentColor;
				CODE_SIGN_STYLE = Automatic;
				CURRENT_PROJECT_VERSION = 1;
				DEVELOPMENT_TEAM = 727RA6YLR2;
				GENERATE_INFOPLIST_FILE = YES;
				INFOPLIST_FILE = WeatherAppClone/Info.plist;
				INFOPLIST_KEY_UIApplicationSupportsIndirectInputEvents = YES;
				INFOPLIST_KEY_UILaunchStoryboardName = LaunchScreen;
				INFOPLIST_KEY_UISupportedInterfaceOrientations_iPad = "UIInterfaceOrientationPortrait UIInterfaceOrientationPortraitUpsideDown UIInterfaceOrientationLandscapeLeft UIInterfaceOrientationLandscapeRight";
				INFOPLIST_KEY_UISupportedInterfaceOrientations_iPhone = "UIInterfaceOrientationPortrait UIInterfaceOrientationLandscapeLeft UIInterfaceOrientationLandscapeRight";
				LD_RUNPATH_SEARCH_PATHS = (
					"$(inherited)",
					"@executable_path/Frameworks",
				);
				MARKETING_VERSION = 1.0;
				PRODUCT_BUNDLE_IDENTIFIER = ru.AntonEliseev.WeatherAppClone;
				PRODUCT_NAME = "$(TARGET_NAME)";
				SWIFT_EMIT_LOC_STRINGS = YES;
				SWIFT_VERSION = 5.0;
				TARGETED_DEVICE_FAMILY = "1,2";
			};
			name = Release;
		};
/* End XCBuildConfiguration section */

/* Begin XCConfigurationList section */
		90D833072B62496E001901ED /* Build configuration list for PBXProject "WeatherAppClone" */ = {
			isa = XCConfigurationList;
			buildConfigurations = (
				90D8331E2B624970001901ED /* Debug */,
				90D8331F2B624970001901ED /* Release */,
			);
			defaultConfigurationIsVisible = 0;
			defaultConfigurationName = Release;
		};
		90D833202B624970001901ED /* Build configuration list for PBXNativeTarget "WeatherAppClone" */ = {
			isa = XCConfigurationList;
			buildConfigurations = (
				90D833212B624970001901ED /* Debug */,
				90D833222B624970001901ED /* Release */,
			);
			defaultConfigurationIsVisible = 0;
			defaultConfigurationName = Release;
		};
/* End XCConfigurationList section */
	};
	rootObject = 90D833042B62496E001901ED /* Project object */;
}
